
Microsoft Visual Studio Solution File, Format Version 12.00
# Visual Studio Version 16
VisualStudioVersion = 16.0.30709.64
MinimumVisualStudioVersion = 10.0.40219.1
Project("{9A19103F-16F7-4668-BE54-9A1E7A4F7556}") = "AppBlocks.Core", "src\AppBlocks.Core\AppBlocks.Core.csproj", "{82FFF992-0BB6-47E8-86C9-73278951150E}"
EndProject
Project("{2150E333-8FDC-42A3-9474-1A3956D46DE8}") = "Do", "Do", "{7D22E80C-7249-4EA6-BD7B-C83470AE9F80}"
	ProjectSection(SolutionItems) = preProject
		.gitignore = .gitignore
		nuget.config = nuget.config
		README.md = README.md
	EndProjectSection
EndProject
Global
	GlobalSection(SolutionConfigurationPlatforms) = preSolution
		Debug|Any CPU = Debug|Any CPU
		Debug|ARM = Debug|ARM
		Debug|iPhone = Debug|iPhone
		Debug|iPhoneSimulator = Debug|iPhoneSimulator
		Debug|x64 = Debug|x64
		Debug|x86 = Debug|x86
		Release|Any CPU = Release|Any CPU
		Release|ARM = Release|ARM
		Release|iPhone = Release|iPhone
		Release|iPhoneSimulator = Release|iPhoneSimulator
		Release|x64 = Release|x64
		Release|x86 = Release|x86
	EndGlobalSection
	GlobalSection(ProjectConfigurationPlatforms) = postSolution
		{82FFF992-0BB6-47E8-86C9-73278951150E}.Debug|Any CPU.ActiveCfg = Debug|Any CPU
		{82FFF992-0BB6-47E8-86C9-73278951150E}.Debug|Any CPU.Build.0 = Debug|Any CPU
		{82FFF992-0BB6-47E8-86C9-73278951150E}.Debug|ARM.ActiveCfg = Debug|Any CPU
		{82FFF992-0BB6-47E8-86C9-73278951150E}.Debug|ARM.Build.0 = Debug|Any CPU
		{82FFF992-0BB6-47E8-86C9-73278951150E}.Debug|iPhone.ActiveCfg = Debug|Any CPU
		{82FFF992-0BB6-47E8-86C9-73278951150E}.Debug|iPhone.Build.0 = Debug|Any CPU
		{82FFF992-0BB6-47E8-86C9-73278951150E}.Debug|iPhoneSimulator.ActiveCfg = Debug|Any CPU
		{82FFF992-0BB6-47E8-86C9-73278951150E}.Debug|iPhoneSimulator.Build.0 = Debug|Any CPU
		{82FFF992-0BB6-47E8-86C9-73278951150E}.Debug|x64.ActiveCfg = Debug|Any CPU
		{82FFF992-0BB6-47E8-86C9-73278951150E}.Debug|x64.Build.0 = Debug|Any CPU
		{82FFF992-0BB6-47E8-86C9-73278951150E}.Debug|x86.ActiveCfg = Debug|Any CPU
		{82FFF992-0BB6-47E8-86C9-73278951150E}.Debug|x86.Build.0 = Debug|Any CPU
		{82FFF992-0BB6-47E8-86C9-73278951150E}.Release|Any CPU.ActiveCfg = Release|Any CPU
		{82FFF992-0BB6-47E8-86C9-73278951150E}.Release|Any CPU.Build.0 = Release|Any CPU
		{82FFF992-0BB6-47E8-86C9-73278951150E}.Release|ARM.ActiveCfg = Release|Any CPU
		{82FFF992-0BB6-47E8-86C9-73278951150E}.Release|ARM.Build.0 = Release|Any CPU
		{82FFF992-0BB6-47E8-86C9-73278951150E}.Release|iPhone.ActiveCfg = Release|Any CPU
		{82FFF992-0BB6-47E8-86C9-73278951150E}.Release|iPhone.Build.0 = Release|Any CPU
		{82FFF992-0BB6-47E8-86C9-73278951150E}.Release|iPhoneSimulator.ActiveCfg = Release|Any CPU
		{82FFF992-0BB6-47E8-86C9-73278951150E}.Release|iPhoneSimulator.Build.0 = Release|Any CPU
		{82FFF992-0BB6-47E8-86C9-73278951150E}.Release|x64.ActiveCfg = Release|Any CPU
		{82FFF992-0BB6-47E8-86C9-73278951150E}.Release|x64.Build.0 = Release|Any CPU
		{82FFF992-0BB6-47E8-86C9-73278951150E}.Release|x86.ActiveCfg = Release|Any CPU
		{82FFF992-0BB6-47E8-86C9-73278951150E}.Release|x86.Build.0 = Release|Any CPU
		{5EB42571-F4FD-47C1-B638-94212528FAFD}.Debug|Any CPU.ActiveCfg = Debug|x86
		{5EB42571-F4FD-47C1-B638-94212528FAFD}.Debug|Any CPU.Build.0 = Debug|x86
		{5EB42571-F4FD-47C1-B638-94212528FAFD}.Debug|Any CPU.Deploy.0 = Debug|x86
		{5EB42571-F4FD-47C1-B638-94212528FAFD}.Debug|ARM.ActiveCfg = Debug|ARM
		{5EB42571-F4FD-47C1-B638-94212528FAFD}.Debug|ARM.Build.0 = Debug|ARM
		{5EB42571-F4FD-47C1-B638-94212528FAFD}.Debug|ARM.Deploy.0 = Debug|ARM
		{5EB42571-F4FD-47C1-B638-94212528FAFD}.Debug|iPhone.ActiveCfg = Debug|x86
		{5EB42571-F4FD-47C1-B638-94212528FAFD}.Debug|iPhoneSimulator.ActiveCfg = Debug|x86
		{5EB42571-F4FD-47C1-B638-94212528FAFD}.Debug|x64.ActiveCfg = Debug|x64
		{5EB42571-F4FD-47C1-B638-94212528FAFD}.Debug|x64.Build.0 = Debug|x64
		{5EB42571-F4FD-47C1-B638-94212528FAFD}.Debug|x64.Deploy.0 = Debug|x64
		{5EB42571-F4FD-47C1-B638-94212528FAFD}.Debug|x86.ActiveCfg = Debug|x86
		{5EB42571-F4FD-47C1-B638-94212528FAFD}.Debug|x86.Build.0 = Debug|x86
		{5EB42571-F4FD-47C1-B638-94212528FAFD}.Debug|x86.Deploy.0 = Debug|x86
		{5EB42571-F4FD-47C1-B638-94212528FAFD}.Release|Any CPU.ActiveCfg = Release|x86
		{5EB42571-F4FD-47C1-B638-94212528FAFD}.Release|ARM.ActiveCfg = Release|ARM
		{5EB42571-F4FD-47C1-B638-94212528FAFD}.Release|ARM.Build.0 = Release|ARM
		{5EB42571-F4FD-47C1-B638-94212528FAFD}.Release|ARM.Deploy.0 = Release|ARM
		{5EB42571-F4FD-47C1-B638-94212528FAFD}.Release|iPhone.ActiveCfg = Release|x86
		{5EB42571-F4FD-47C1-B638-94212528FAFD}.Release|iPhoneSimulator.ActiveCfg = Release|x86
		{5EB42571-F4FD-47C1-B638-94212528FAFD}.Release|x64.ActiveCfg = Release|x64
		{5EB42571-F4FD-47C1-B638-94212528FAFD}.Release|x64.Build.0 = Release|x64
		{5EB42571-F4FD-47C1-B638-94212528FAFD}.Release|x64.Deploy.0 = Release|x64
		{5EB42571-F4FD-47C1-B638-94212528FAFD}.Release|x86.ActiveCfg = Release|x86
		{5EB42571-F4FD-47C1-B638-94212528FAFD}.Release|x86.Build.0 = Release|x86
		{5EB42571-F4FD-47C1-B638-94212528FAFD}.Release|x86.Deploy.0 = Release|x86
		{60F309CA-17C7-4812-958F-10F26B73CB32}.Debug|Any CPU.ActiveCfg = Debug|Any CPU
		{60F309CA-17C7-4812-958F-10F26B73CB32}.Debug|ARM.ActiveCfg = Debug|Any CPU
		{60F309CA-17C7-4812-958F-10F26B73CB32}.Debug|ARM.Build.0 = Debug|Any CPU
		{60F309CA-17C7-4812-958F-10F26B73CB32}.Debug|ARM.Deploy.0 = Debug|Any CPU
		{60F309CA-17C7-4812-958F-10F26B73CB32}.Debug|iPhone.ActiveCfg = Debug|Any CPU
		{60F309CA-17C7-4812-958F-10F26B73CB32}.Debug|iPhone.Build.0 = Debug|Any CPU
		{60F309CA-17C7-4812-958F-10F26B73CB32}.Debug|iPhoneSimulator.ActiveCfg = Debug|Any CPU
		{60F309CA-17C7-4812-958F-10F26B73CB32}.Debug|iPhoneSimulator.Build.0 = Debug|Any CPU
		{60F309CA-17C7-4812-958F-10F26B73CB32}.Debug|iPhoneSimulator.Deploy.0 = Debug|Any CPU
		{60F309CA-17C7-4812-958F-10F26B73CB32}.Debug|x64.ActiveCfg = Debug|Any CPU
		{60F309CA-17C7-4812-958F-10F26B73CB32}.Debug|x64.Deploy.0 = Debug|Any CPU
		{60F309CA-17C7-4812-958F-10F26B73CB32}.Debug|x86.ActiveCfg = Debug|Any CPU
		{60F309CA-17C7-4812-958F-10F26B73CB32}.Debug|x86.Build.0 = Debug|Any CPU
		{60F309CA-17C7-4812-958F-10F26B73CB32}.Debug|x86.Deploy.0 = Debug|Any CPU
		{60F309CA-17C7-4812-958F-10F26B73CB32}.Release|Any CPU.ActiveCfg = Release|Any CPU
		{60F309CA-17C7-4812-958F-10F26B73CB32}.Release|Any CPU.Build.0 = Release|Any CPU
		{60F309CA-17C7-4812-958F-10F26B73CB32}.Release|Any CPU.Deploy.0 = Release|Any CPU
		{60F309CA-17C7-4812-958F-10F26B73CB32}.Release|ARM.ActiveCfg = Release|Any CPU
		{60F309CA-17C7-4812-958F-10F26B73CB32}.Release|ARM.Build.0 = Release|Any CPU
		{60F309CA-17C7-4812-958F-10F26B73CB32}.Release|ARM.Deploy.0 = Release|Any CPU
		{60F309CA-17C7-4812-958F-10F26B73CB32}.Release|iPhone.ActiveCfg = Release|Any CPU
		{60F309CA-17C7-4812-958F-10F26B73CB32}.Release|iPhone.Build.0 = Release|Any CPU
		{60F309CA-17C7-4812-958F-10F26B73CB32}.Release|iPhone.Deploy.0 = Release|Any CPU
		{60F309CA-17C7-4812-958F-10F26B73CB32}.Release|iPhoneSimulator.ActiveCfg = Release|Any CPU
		{60F309CA-17C7-4812-958F-10F26B73CB32}.Release|iPhoneSimulator.Build.0 = Release|Any CPU
		{60F309CA-17C7-4812-958F-10F26B73CB32}.Release|iPhoneSimulator.Deploy.0 = Release|Any CPU
		{60F309CA-17C7-4812-958F-10F26B73CB32}.Release|x64.ActiveCfg = Release|Any CPU
		{60F309CA-17C7-4812-958F-10F26B73CB32}.Release|x64.Build.0 = Release|Any CPU
		{60F309CA-17C7-4812-958F-10F26B73CB32}.Release|x64.Deploy.0 = Release|Any CPU
		{60F309CA-17C7-4812-958F-10F26B73CB32}.Release|x86.ActiveCfg = Release|Any CPU
		{60F309CA-17C7-4812-958F-10F26B73CB32}.Release|x86.Build.0 = Release|Any CPU
		{60F309CA-17C7-4812-958F-10F26B73CB32}.Release|x86.Deploy.0 = Release|Any CPU
		{E9456DEC-2C23-4031-BAE0-2308F0110D5D}.Debug|Any CPU.ActiveCfg = Debug|iPhoneSimulator
		{E9456DEC-2C23-4031-BAE0-2308F0110D5D}.Debug|ARM.ActiveCfg = Debug|iPhoneSimulator
		{E9456DEC-2C23-4031-BAE0-2308F0110D5D}.Debug|iPhone.ActiveCfg = Debug|iPhone
		{E9456DEC-2C23-4031-BAE0-2308F0110D5D}.Debug|iPhone.Build.0 = Debug|iPhone
		{E9456DEC-2C23-4031-BAE0-2308F0110D5D}.Debug|iPhone.Deploy.0 = Debug|iPhone
		{E9456DEC-2C23-4031-BAE0-2308F0110D5D}.Debug|iPhoneSimulator.ActiveCfg = Debug|iPhoneSimulator
		{E9456DEC-2C23-4031-BAE0-2308F0110D5D}.Debug|iPhoneSimulator.Build.0 = Debug|iPhoneSimulator
		{E9456DEC-2C23-4031-BAE0-2308F0110D5D}.Debug|x64.ActiveCfg = Debug|iPhoneSimulator
		{E9456DEC-2C23-4031-BAE0-2308F0110D5D}.Debug|x86.ActiveCfg = Debug|iPhoneSimulator
		{E9456DEC-2C23-4031-BAE0-2308F0110D5D}.Release|Any CPU.ActiveCfg = Release|iPhoneSimulator
		{E9456DEC-2C23-4031-BAE0-2308F0110D5D}.Release|ARM.ActiveCfg = Release|iPhoneSimulator
		{E9456DEC-2C23-4031-BAE0-2308F0110D5D}.Release|iPhone.ActiveCfg = Release|iPhone
		{E9456DEC-2C23-4031-BAE0-2308F0110D5D}.Release|iPhone.Build.0 = Release|iPhone
		{E9456DEC-2C23-4031-BAE0-2308F0110D5D}.Release|iPhoneSimulator.ActiveCfg = Release|iPhoneSimulator
		{E9456DEC-2C23-4031-BAE0-2308F0110D5D}.Release|iPhoneSimulator.Build.0 = Release|iPhoneSimulator
		{E9456DEC-2C23-4031-BAE0-2308F0110D5D}.Release|x64.ActiveCfg = Release|iPhoneSimulator
		{E9456DEC-2C23-4031-BAE0-2308F0110D5D}.Release|x86.ActiveCfg = Release|iPhoneSimulator
		{EB45802C-0F7F-4240-92B1-FDEA0A7DA631}.Debug|Any CPU.ActiveCfg = Debug|Any CPU
		{EB45802C-0F7F-4240-92B1-FDEA0A7DA631}.Debug|Any CPU.Build.0 = Debug|Any CPU
		{EB45802C-0F7F-4240-92B1-FDEA0A7DA631}.Debug|ARM.ActiveCfg = Debug|Any CPU
		{EB45802C-0F7F-4240-92B1-FDEA0A7DA631}.Debug|ARM.Build.0 = Debug|Any CPU
		{EB45802C-0F7F-4240-92B1-FDEA0A7DA631}.Debug|iPhone.ActiveCfg = Debug|Any CPU
		{EB45802C-0F7F-4240-92B1-FDEA0A7DA631}.Debug|iPhone.Build.0 = Debug|Any CPU
		{EB45802C-0F7F-4240-92B1-FDEA0A7DA631}.Debug|iPhoneSimulator.ActiveCfg = Debug|Any CPU
		{EB45802C-0F7F-4240-92B1-FDEA0A7DA631}.Debug|iPhoneSimulator.Build.0 = Debug|Any CPU
		{EB45802C-0F7F-4240-92B1-FDEA0A7DA631}.Debug|x64.ActiveCfg = Debug|Any CPU
		{EB45802C-0F7F-4240-92B1-FDEA0A7DA631}.Debug|x64.Build.0 = Debug|Any CPU
		{EB45802C-0F7F-4240-92B1-FDEA0A7DA631}.Debug|x86.ActiveCfg = Debug|Any CPU
		{EB45802C-0F7F-4240-92B1-FDEA0A7DA631}.Debug|x86.Build.0 = Debug|Any CPU
		{EB45802C-0F7F-4240-92B1-FDEA0A7DA631}.Release|Any CPU.ActiveCfg = Release|Any CPU
		{EB45802C-0F7F-4240-92B1-FDEA0A7DA631}.Release|Any CPU.Build.0 = Release|Any CPU
		{EB45802C-0F7F-4240-92B1-FDEA0A7DA631}.Release|ARM.ActiveCfg = Release|Any CPU
		{EB45802C-0F7F-4240-92B1-FDEA0A7DA631}.Release|ARM.Build.0 = Release|Any CPU
		{EB45802C-0F7F-4240-92B1-FDEA0A7DA631}.Release|iPhone.ActiveCfg = Release|Any CPU
		{EB45802C-0F7F-4240-92B1-FDEA0A7DA631}.Release|iPhone.Build.0 = Release|Any CPU
		{EB45802C-0F7F-4240-92B1-FDEA0A7DA631}.Release|iPhoneSimulator.ActiveCfg = Release|Any CPU
		{EB45802C-0F7F-4240-92B1-FDEA0A7DA631}.Release|iPhoneSimulator.Build.0 = Release|Any CPU
		{EB45802C-0F7F-4240-92B1-FDEA0A7DA631}.Release|x64.ActiveCfg = Release|Any CPU
		{EB45802C-0F7F-4240-92B1-FDEA0A7DA631}.Release|x64.Build.0 = Release|Any CPU
		{EB45802C-0F7F-4240-92B1-FDEA0A7DA631}.Release|x86.ActiveCfg = Release|Any CPU
		{EB45802C-0F7F-4240-92B1-FDEA0A7DA631}.Release|x86.Build.0 = Release|Any CPU
	EndGlobalSection
	GlobalSection(SolutionProperties) = preSolution
		HideSolutionNode = FALSE
	EndGlobalSection
	GlobalSection(ExtensibilityGlobals) = postSolution
		SolutionGuid = {107A3C73-5426-467D-AAA5-8BAEC8A111C1}
	EndGlobalSection
EndGlobal
